--- !ruby/object:RI::ClassDescription 
attributes: []

class_methods: 
  - !ruby/object:RI::MethodSummary 
    name: new
comment: 
  - !ruby/struct:SM::Flow::P 
    body: "@private"
constants: 
  - !ruby/object:RI::Constant 
    comment: 
      - !ruby/struct:SM::Flow::P 
        body: Need to be really specific about what host to use
      - !ruby/struct:SM::Flow::P 
        body: On os x, &quot;localhost&quot; will resolve to 3 different addresses (see /etc/hosts). Ruby will loop over these and happily bind to the same port on each one, making it completely unusable for our purposes.
    name: HOST
    value: "\"127.0.0.1\""
full_name: Selenium::WebDriver::Firefox::SocketLock
includes: []

instance_methods: 
  - !ruby/object:RI::MethodSummary 
    name: locked
name: SocketLock
superclass: Object
