--- !ruby/object:RI::ClassDescription 
attributes: []

class_methods: 
  - !ruby/object:RI::MethodSummary 
    name: new
comment: 
  - !ruby/struct:SM::Flow::P 
    body: "@api private"
constants: []

full_name: Selenium::WebDriver::Firefox::SocketLock
includes: []

instance_methods: 
  - !ruby/object:RI::MethodSummary 
    name: locked
name: SocketLock
superclass: Object
